
Microsoft Visual Studio Solution File, Format Version 12.00
# Visual Studio 14
VisualStudioVersion = 14.0.25420.1
MinimumVisualStudioVersion = 10.0.40219.1
Project("{D954291E-2A0B-460D-934E-DC6B0785DB48}") = "basic", "basic\basic\basic.shproj", "{793EAF2F-2757-4BCF-8620-7980A9D1ADF2}"
EndProject
Project("{FAE04EC0-301F-11D3-BF4B-00C04F79EFBC}") = "basic.Droid", "basic\basic.Droid\basic.Droid.csproj", "{BD8C5B9E-4AB9-45AD-A663-0F338FF6CF50}"
EndProject
Project("{FAE04EC0-301F-11D3-BF4B-00C04F79EFBC}") = "basic.iOS", "basic\basic.iOS\basic.iOS.csproj", "{6F8373D9-AF64-40B9-8B4E-88CF774B72BC}"
EndProject
Project("{FAE04EC0-301F-11D3-BF4B-00C04F79EFBC}") = "basic.Windows", "basic\basic.Windows\basic.Windows.csproj", "{E7400029-C220-4B65-88DB-30F2C2A1A669}"
EndProject
Global
	GlobalSection(SharedMSBuildProjectFiles) = preSolution
		basic\basic\basic.projitems*{6f8373d9-af64-40b9-8b4e-88cf774b72bc}*SharedItemsImports = 4
		basic\basic\basic.projitems*{793eaf2f-2757-4bcf-8620-7980a9d1adf2}*SharedItemsImports = 13
		basic\basic\basic.projitems*{bd8c5b9e-4ab9-45ad-a663-0f338ff6cf50}*SharedItemsImports = 4
	EndGlobalSection
	GlobalSection(SolutionConfigurationPlatforms) = preSolution
		Ad-Hoc|Any CPU = Ad-Hoc|Any CPU
		Ad-Hoc|ARM = Ad-Hoc|ARM
		Ad-Hoc|iPhone = Ad-Hoc|iPhone
		Ad-Hoc|iPhoneSimulator = Ad-Hoc|iPhoneSimulator
		Ad-Hoc|x64 = Ad-Hoc|x64
		Ad-Hoc|x86 = Ad-Hoc|x86
		AppStore|Any CPU = AppStore|Any CPU
		AppStore|ARM = AppStore|ARM
		AppStore|iPhone = AppStore|iPhone
		AppStore|iPhoneSimulator = AppStore|iPhoneSimulator
		AppStore|x64 = AppStore|x64
		AppStore|x86 = AppStore|x86
		Debug|Any CPU = Debug|Any CPU
		Debug|ARM = Debug|ARM
		Debug|iPhone = Debug|iPhone
		Debug|iPhoneSimulator = Debug|iPhoneSimulator
		Debug|x64 = Debug|x64
		Debug|x86 = Debug|x86
		Release|Any CPU = Release|Any CPU
		Release|ARM = Release|ARM
		Release|iPhone = Release|iPhone
		Release|iPhoneSimulator = Release|iPhoneSimulator
		Release|x64 = Release|x64
		Release|x86 = Release|x86
	EndGlobalSection
	GlobalSection(ProjectConfigurationPlatforms) = postSolution
		{BD8C5B9E-4AB9-45AD-A663-0F338FF6CF50}.Ad-Hoc|Any CPU.ActiveCfg = Release|Any CPU
		{BD8C5B9E-4AB9-45AD-A663-0F338FF6CF50}.Ad-Hoc|Any CPU.Build.0 = Release|Any CPU
		{BD8C5B9E-4AB9-45AD-A663-0F338FF6CF50}.Ad-Hoc|Any CPU.Deploy.0 = Release|Any CPU
		{BD8C5B9E-4AB9-45AD-A663-0F338FF6CF50}.Ad-Hoc|ARM.ActiveCfg = Release|Any CPU
		{BD8C5B9E-4AB9-45AD-A663-0F338FF6CF50}.Ad-Hoc|ARM.Build.0 = Release|Any CPU
		{BD8C5B9E-4AB9-45AD-A663-0F338FF6CF50}.Ad-Hoc|ARM.Deploy.0 = Release|Any CPU
		{BD8C5B9E-4AB9-45AD-A663-0F338FF6CF50}.Ad-Hoc|iPhone.ActiveCfg = Release|Any CPU
		{BD8C5B9E-4AB9-45AD-A663-0F338FF6CF50}.Ad-Hoc|iPhone.Build.0 = Release|Any CPU
		{BD8C5B9E-4AB9-45AD-A663-0F338FF6CF50}.Ad-Hoc|iPhone.Deploy.0 = Release|Any CPU
		{BD8C5B9E-4AB9-45AD-A663-0F338FF6CF50}.Ad-Hoc|iPhoneSimulator.ActiveCfg = Release|Any CPU
		{BD8C5B9E-4AB9-45AD-A663-0F338FF6CF50}.Ad-Hoc|iPhoneSimulator.Build.0 = Release|Any CPU
		{BD8C5B9E-4AB9-45AD-A663-0F338FF6CF50}.Ad-Hoc|iPhoneSimulator.Deploy.0 = Release|Any CPU
		{BD8C5B9E-4AB9-45AD-A663-0F338FF6CF50}.Ad-Hoc|x64.ActiveCfg = Release|Any CPU
		{BD8C5B9E-4AB9-45AD-A663-0F338FF6CF50}.Ad-Hoc|x64.Build.0 = Release|Any CPU
		{BD8C5B9E-4AB9-45AD-A663-0F338FF6CF50}.Ad-Hoc|x64.Deploy.0 = Release|Any CPU
		{BD8C5B9E-4AB9-45AD-A663-0F338FF6CF50}.Ad-Hoc|x86.ActiveCfg = Release|Any CPU
		{BD8C5B9E-4AB9-45AD-A663-0F338FF6CF50}.Ad-Hoc|x86.Build.0 = Release|Any CPU
		{BD8C5B9E-4AB9-45AD-A663-0F338FF6CF50}.Ad-Hoc|x86.Deploy.0 = Release|Any CPU
		{BD8C5B9E-4AB9-45AD-A663-0F338FF6CF50}.AppStore|Any CPU.ActiveCfg = Release|Any CPU
		{BD8C5B9E-4AB9-45AD-A663-0F338FF6CF50}.AppStore|Any CPU.Build.0 = Release|Any CPU
		{BD8C5B9E-4AB9-45AD-A663-0F338FF6CF50}.AppStore|Any CPU.Deploy.0 = Release|Any CPU
		{BD8C5B9E-4AB9-45AD-A663-0F338FF6CF50}.AppStore|ARM.ActiveCfg = Release|Any CPU
		{BD8C5B9E-4AB9-45AD-A663-0F338FF6CF50}.AppStore|ARM.Build.0 = Release|Any CPU
		{BD8C5B9E-4AB9-45AD-A663-0F338FF6CF50}.AppStore|ARM.Deploy.0 = Release|Any CPU
		{BD8C5B9E-4AB9-45AD-A663-0F338FF6CF50}.AppStore|iPhone.ActiveCfg = Release|Any CPU
		{BD8C5B9E-4AB9-45AD-A663-0F338FF6CF50}.AppStore|iPhone.Build.0 = Release|Any CPU
		{BD8C5B9E-4AB9-45AD-A663-0F338FF6CF50}.AppStore|iPhone.Deploy.0 = Release|Any CPU
		{BD8C5B9E-4AB9-45AD-A663-0F338FF6CF50}.AppStore|iPhoneSimulator.ActiveCfg = Release|Any CPU
		{BD8C5B9E-4AB9-45AD-A663-0F338FF6CF50}.AppStore|iPhoneSimulator.Build.0 = Release|Any CPU
		{BD8C5B9E-4AB9-45AD-A663-0F338FF6CF50}.AppStore|iPhoneSimulator.Deploy.0 = Release|Any CPU
		{BD8C5B9E-4AB9-45AD-A663-0F338FF6CF50}.AppStore|x64.ActiveCfg = Release|Any CPU
		{BD8C5B9E-4AB9-45AD-A663-0F338FF6CF50}.AppStore|x64.Build.0 = Release|Any CPU
		{BD8C5B9E-4AB9-45AD-A663-0F338FF6CF50}.AppStore|x64.Deploy.0 = Release|Any CPU
		{BD8C5B9E-4AB9-45AD-A663-0F338FF6CF50}.AppStore|x86.ActiveCfg = Release|Any CPU
		{BD8C5B9E-4AB9-45AD-A663-0F338FF6CF50}.AppStore|x86.Build.0 = Release|Any CPU
		{BD8C5B9E-4AB9-45AD-A663-0F338FF6CF50}.AppStore|x86.Deploy.0 = Release|Any CPU
		{BD8C5B9E-4AB9-45AD-A663-0F338FF6CF50}.Debug|Any CPU.ActiveCfg = Debug|Any CPU
		{BD8C5B9E-4AB9-45AD-A663-0F338FF6CF50}.Debug|Any CPU.Build.0 = Debug|Any CPU
		{BD8C5B9E-4AB9-45AD-A663-0F338FF6CF50}.Debug|Any CPU.Deploy.0 = Debug|Any CPU
		{BD8C5B9E-4AB9-45AD-A663-0F338FF6CF50}.Debug|ARM.ActiveCfg = Debug|Any CPU
		{BD8C5B9E-4AB9-45AD-A663-0F338FF6CF50}.Debug|ARM.Build.0 = Debug|Any CPU
		{BD8C5B9E-4AB9-45AD-A663-0F338FF6CF50}.Debug|ARM.Deploy.0 = Debug|Any CPU
		{BD8C5B9E-4AB9-45AD-A663-0F338FF6CF50}.Debug|iPhone.ActiveCfg = Debug|Any CPU
		{BD8C5B9E-4AB9-45AD-A663-0F338FF6CF50}.Debug|iPhone.Build.0 = Debug|Any CPU
		{BD8C5B9E-4AB9-45AD-A663-0F338FF6CF50}.Debug|iPhone.Deploy.0 = Debug|Any CPU
		{BD8C5B9E-4AB9-45AD-A663-0F338FF6CF50}.Debug|iPhoneSimulator.ActiveCfg = Debug|Any CPU
		{BD8C5B9E-4AB9-45AD-A663-0F338FF6CF50}.Debug|iPhoneSimulator.Build.0 = Debug|Any CPU
		{BD8C5B9E-4AB9-45AD-A663-0F338FF6CF50}.Debug|iPhoneSimulator.Deploy.0 = Debug|Any CPU
		{BD8C5B9E-4AB9-45AD-A663-0F338FF6CF50}.Debug|x64.ActiveCfg = Debug|Any CPU
		{BD8C5B9E-4AB9-45AD-A663-0F338FF6CF50}.Debug|x64.Build.0 = Debug|Any CPU
		{BD8C5B9E-4AB9-45AD-A663-0F338FF6CF50}.Debug|x64.Deploy.0 = Debug|Any CPU
		{BD8C5B9E-4AB9-45AD-A663-0F338FF6CF50}.Debug|x86.ActiveCfg = Debug|Any CPU
		{BD8C5B9E-4AB9-45AD-A663-0F338FF6CF50}.Debug|x86.Build.0 = Debug|Any CPU
		{BD8C5B9E-4AB9-45AD-A663-0F338FF6CF50}.Debug|x86.Deploy.0 = Debug|Any CPU
		{BD8C5B9E-4AB9-45AD-A663-0F338FF6CF50}.Release|Any CPU.ActiveCfg = Release|Any CPU
		{BD8C5B9E-4AB9-45AD-A663-0F338FF6CF50}.Release|Any CPU.Build.0 = Release|Any CPU
		{BD8C5B9E-4AB9-45AD-A663-0F338FF6CF50}.Release|Any CPU.Deploy.0 = Release|Any CPU
		{BD8C5B9E-4AB9-45AD-A663-0F338FF6CF50}.Release|ARM.ActiveCfg = Release|Any CPU
		{BD8C5B9E-4AB9-45AD-A663-0F338FF6CF50}.Release|ARM.Build.0 = Release|Any CPU
		{BD8C5B9E-4AB9-45AD-A663-0F338FF6CF50}.Release|ARM.Deploy.0 = Release|Any CPU
		{BD8C5B9E-4AB9-45AD-A663-0F338FF6CF50}.Release|iPhone.ActiveCfg = Release|Any CPU
		{BD8C5B9E-4AB9-45AD-A663-0F338FF6CF50}.Release|iPhone.Build.0 = Release|Any CPU
		{BD8C5B9E-4AB9-45AD-A663-0F338FF6CF50}.Release|iPhone.Deploy.0 = Release|Any CPU
		{BD8C5B9E-4AB9-45AD-A663-0F338FF6CF50}.Release|iPhoneSimulator.ActiveCfg = Release|Any CPU
		{BD8C5B9E-4AB9-45AD-A663-0F338FF6CF50}.Release|iPhoneSimulator.Build.0 = Release|Any CPU
		{BD8C5B9E-4AB9-45AD-A663-0F338FF6CF50}.Release|iPhoneSimulator.Deploy.0 = Release|Any CPU
		{BD8C5B9E-4AB9-45AD-A663-0F338FF6CF50}.Release|x64.ActiveCfg = Release|Any CPU
		{BD8C5B9E-4AB9-45AD-A663-0F338FF6CF50}.Release|x64.Build.0 = Release|Any CPU
		{BD8C5B9E-4AB9-45AD-A663-0F338FF6CF50}.Release|x64.Deploy.0 = Release|Any CPU
		{BD8C5B9E-4AB9-45AD-A663-0F338FF6CF50}.Release|x86.ActiveCfg = Release|Any CPU
		{BD8C5B9E-4AB9-45AD-A663-0F338FF6CF50}.Release|x86.Build.0 = Release|Any CPU
		{BD8C5B9E-4AB9-45AD-A663-0F338FF6CF50}.Release|x86.Deploy.0 = Release|Any CPU
		{6F8373D9-AF64-40B9-8B4E-88CF774B72BC}.Ad-Hoc|Any CPU.ActiveCfg = Ad-Hoc|iPhone
		{6F8373D9-AF64-40B9-8B4E-88CF774B72BC}.Ad-Hoc|ARM.ActiveCfg = Ad-Hoc|iPhone
		{6F8373D9-AF64-40B9-8B4E-88CF774B72BC}.Ad-Hoc|iPhone.ActiveCfg = Ad-Hoc|iPhone
		{6F8373D9-AF64-40B9-8B4E-88CF774B72BC}.Ad-Hoc|iPhone.Build.0 = Ad-Hoc|iPhone
		{6F8373D9-AF64-40B9-8B4E-88CF774B72BC}.Ad-Hoc|iPhoneSimulator.ActiveCfg = Ad-Hoc|iPhoneSimulator
		{6F8373D9-AF64-40B9-8B4E-88CF774B72BC}.Ad-Hoc|iPhoneSimulator.Build.0 = Ad-Hoc|iPhoneSimulator
		{6F8373D9-AF64-40B9-8B4E-88CF774B72BC}.Ad-Hoc|x64.ActiveCfg = Ad-Hoc|iPhone
		{6F8373D9-AF64-40B9-8B4E-88CF774B72BC}.Ad-Hoc|x86.ActiveCfg = Ad-Hoc|iPhone
		{6F8373D9-AF64-40B9-8B4E-88CF774B72BC}.AppStore|Any CPU.ActiveCfg = AppStore|iPhone
		{6F8373D9-AF64-40B9-8B4E-88CF774B72BC}.AppStore|ARM.ActiveCfg = AppStore|iPhone
		{6F8373D9-AF64-40B9-8B4E-88CF774B72BC}.AppStore|iPhone.ActiveCfg = AppStore|iPhone
		{6F8373D9-AF64-40B9-8B4E-88CF774B72BC}.AppStore|iPhone.Build.0 = AppStore|iPhone
		{6F8373D9-AF64-40B9-8B4E-88CF774B72BC}.AppStore|iPhoneSimulator.ActiveCfg = AppStore|iPhoneSimulator
		{6F8373D9-AF64-40B9-8B4E-88CF774B72BC}.AppStore|iPhoneSimulator.Build.0 = AppStore|iPhoneSimulator
		{6F8373D9-AF64-40B9-8B4E-88CF774B72BC}.AppStore|x64.ActiveCfg = AppStore|iPhone
		{6F8373D9-AF64-40B9-8B4E-88CF774B72BC}.AppStore|x86.ActiveCfg = AppStore|iPhone
		{6F8373D9-AF64-40B9-8B4E-88CF774B72BC}.Debug|Any CPU.ActiveCfg = Debug|iPhone
		{6F8373D9-AF64-40B9-8B4E-88CF774B72BC}.Debug|ARM.ActiveCfg = Debug|iPhone
		{6F8373D9-AF64-40B9-8B4E-88CF774B72BC}.Debug|iPhone.ActiveCfg = Debug|iPhone
		{6F8373D9-AF64-40B9-8B4E-88CF774B72BC}.Debug|iPhone.Build.0 = Debug|iPhone
		{6F8373D9-AF64-40B9-8B4E-88CF774B72BC}.Debug|iPhoneSimulator.ActiveCfg = Debug|iPhoneSimulator
		{6F8373D9-AF64-40B9-8B4E-88CF774B72BC}.Debug|iPhoneSimulator.Build.0 = Debug|iPhoneSimulator
		{6F8373D9-AF64-40B9-8B4E-88CF774B72BC}.Debug|x64.ActiveCfg = Debug|iPhone
		{6F8373D9-AF64-40B9-8B4E-88CF774B72BC}.Debug|x86.ActiveCfg = Debug|iPhone
		{6F8373D9-AF64-40B9-8B4E-88CF774B72BC}.Release|Any CPU.ActiveCfg = Release|iPhone
		{6F8373D9-AF64-40B9-8B4E-88CF774B72BC}.Release|ARM.ActiveCfg = Release|iPhone
		{6F8373D9-AF64-40B9-8B4E-88CF774B72BC}.Release|iPhone.ActiveCfg = Release|iPhone
		{6F8373D9-AF64-40B9-8B4E-88CF774B72BC}.Release|iPhone.Build.0 = Release|iPhone
		{6F8373D9-AF64-40B9-8B4E-88CF774B72BC}.Release|iPhoneSimulator.ActiveCfg = Release|iPhoneSimulator
		{6F8373D9-AF64-40B9-8B4E-88CF774B72BC}.Release|iPhoneSimulator.Build.0 = Release|iPhoneSimulator
		{6F8373D9-AF64-40B9-8B4E-88CF774B72BC}.Release|x64.ActiveCfg = Release|iPhone
		{6F8373D9-AF64-40B9-8B4E-88CF774B72BC}.Release|x86.ActiveCfg = Release|iPhone
		{E7400029-C220-4B65-88DB-30F2C2A1A669}.Ad-Hoc|Any CPU.ActiveCfg = Release|Any CPU
		{E7400029-C220-4B65-88DB-30F2C2A1A669}.Ad-Hoc|Any CPU.Build.0 = Release|Any CPU
		{E7400029-C220-4B65-88DB-30F2C2A1A669}.Ad-Hoc|Any CPU.Deploy.0 = Release|Any CPU
		{E7400029-C220-4B65-88DB-30F2C2A1A669}.Ad-Hoc|ARM.ActiveCfg = Release|ARM
		{E7400029-C220-4B65-88DB-30F2C2A1A669}.Ad-Hoc|ARM.Build.0 = Release|ARM
		{E7400029-C220-4B65-88DB-30F2C2A1A669}.Ad-Hoc|ARM.Deploy.0 = Release|ARM
		{E7400029-C220-4B65-88DB-30F2C2A1A669}.Ad-Hoc|iPhone.ActiveCfg = Release|Any CPU
		{E7400029-C220-4B65-88DB-30F2C2A1A669}.Ad-Hoc|iPhone.Build.0 = Release|Any CPU
		{E7400029-C220-4B65-88DB-30F2C2A1A669}.Ad-Hoc|iPhone.Deploy.0 = Release|Any CPU
		{E7400029-C220-4B65-88DB-30F2C2A1A669}.Ad-Hoc|iPhoneSimulator.ActiveCfg = Release|Any CPU
		{E7400029-C220-4B65-88DB-30F2C2A1A669}.Ad-Hoc|iPhoneSimulator.Build.0 = Release|Any CPU
		{E7400029-C220-4B65-88DB-30F2C2A1A669}.Ad-Hoc|iPhoneSimulator.Deploy.0 = Release|Any CPU
		{E7400029-C220-4B65-88DB-30F2C2A1A669}.Ad-Hoc|x64.ActiveCfg = Release|x64
		{E7400029-C220-4B65-88DB-30F2C2A1A669}.Ad-Hoc|x64.Build.0 = Release|x64
		{E7400029-C220-4B65-88DB-30F2C2A1A669}.Ad-Hoc|x64.Deploy.0 = Release|x64
		{E7400029-C220-4B65-88DB-30F2C2A1A669}.Ad-Hoc|x86.ActiveCfg = Release|x86
		{E7400029-C220-4B65-88DB-30F2C2A1A669}.Ad-Hoc|x86.Build.0 = Release|x86
		{E7400029-C220-4B65-88DB-30F2C2A1A669}.Ad-Hoc|x86.Deploy.0 = Release|x86
		{E7400029-C220-4B65-88DB-30F2C2A1A669}.AppStore|Any CPU.ActiveCfg = Release|Any CPU
		{E7400029-C220-4B65-88DB-30F2C2A1A669}.AppStore|Any CPU.Build.0 = Release|Any CPU
		{E7400029-C220-4B65-88DB-30F2C2A1A669}.AppStore|Any CPU.Deploy.0 = Release|Any CPU
		{E7400029-C220-4B65-88DB-30F2C2A1A669}.AppStore|ARM.ActiveCfg = Release|ARM
		{E7400029-C220-4B65-88DB-30F2C2A1A669}.AppStore|ARM.Build.0 = Release|ARM
		{E7400029-C220-4B65-88DB-30F2C2A1A669}.AppStore|ARM.Deploy.0 = Release|ARM
		{E7400029-C220-4B65-88DB-30F2C2A1A669}.AppStore|iPhone.ActiveCfg = Release|Any CPU
		{E7400029-C220-4B65-88DB-30F2C2A1A669}.AppStore|iPhone.Build.0 = Release|Any CPU
		{E7400029-C220-4B65-88DB-30F2C2A1A669}.AppStore|iPhone.Deploy.0 = Release|Any CPU
		{E7400029-C220-4B65-88DB-30F2C2A1A669}.AppStore|iPhoneSimulator.ActiveCfg = Release|Any CPU
		{E7400029-C220-4B65-88DB-30F2C2A1A669}.AppStore|iPhoneSimulator.Build.0 = Release|Any CPU
		{E7400029-C220-4B65-88DB-30F2C2A1A669}.AppStore|iPhoneSimulator.Deploy.0 = Release|Any CPU
		{E7400029-C220-4B65-88DB-30F2C2A1A669}.AppStore|x64.ActiveCfg = Release|x64
		{E7400029-C220-4B65-88DB-30F2C2A1A669}.AppStore|x64.Build.0 = Release|x64
		{E7400029-C220-4B65-88DB-30F2C2A1A669}.AppStore|x64.Deploy.0 = Release|x64
		{E7400029-C220-4B65-88DB-30F2C2A1A669}.AppStore|x86.ActiveCfg = Release|x86
		{E7400029-C220-4B65-88DB-30F2C2A1A669}.AppStore|x86.Build.0 = Release|x86
		{E7400029-C220-4B65-88DB-30F2C2A1A669}.AppStore|x86.Deploy.0 = Release|x86
		{E7400029-C220-4B65-88DB-30F2C2A1A669}.Debug|Any CPU.ActiveCfg = Debug|Any CPU
		{E7400029-C220-4B65-88DB-30F2C2A1A669}.Debug|Any CPU.Build.0 = Debug|Any CPU
		{E7400029-C220-4B65-88DB-30F2C2A1A669}.Debug|Any CPU.Deploy.0 = Debug|Any CPU
		{E7400029-C220-4B65-88DB-30F2C2A1A669}.Debug|ARM.ActiveCfg = Debug|ARM
		{E7400029-C220-4B65-88DB-30F2C2A1A669}.Debug|ARM.Build.0 = Debug|ARM
		{E7400029-C220-4B65-88DB-30F2C2A1A669}.Debug|ARM.Deploy.0 = Debug|ARM
		{E7400029-C220-4B65-88DB-30F2C2A1A669}.Debug|iPhone.ActiveCfg = Debug|Any CPU
		{E7400029-C220-4B65-88DB-30F2C2A1A669}.Debug|iPhone.Build.0 = Debug|Any CPU
		{E7400029-C220-4B65-88DB-30F2C2A1A669}.Debug|iPhone.Deploy.0 = Debug|Any CPU
		{E7400029-C220-4B65-88DB-30F2C2A1A669}.Debug|iPhoneSimulator.ActiveCfg = Debug|Any CPU
		{E7400029-C220-4B65-88DB-30F2C2A1A669}.Debug|iPhoneSimulator.Build.0 = Debug|Any CPU
		{E7400029-C220-4B65-88DB-30F2C2A1A669}.Debug|iPhoneSimulator.Deploy.0 = Debug|Any CPU
		{E7400029-C220-4B65-88DB-30F2C2A1A669}.Debug|x64.ActiveCfg = Debug|x64
		{E7400029-C220-4B65-88DB-30F2C2A1A669}.Debug|x64.Build.0 = Debug|x64
		{E7400029-C220-4B65-88DB-30F2C2A1A669}.Debug|x64.Deploy.0 = Debug|x64
		{E7400029-C220-4B65-88DB-30F2C2A1A669}.Debug|x86.ActiveCfg = Debug|x86
		{E7400029-C220-4B65-88DB-30F2C2A1A669}.Debug|x86.Build.0 = Debug|x86
		{E7400029-C220-4B65-88DB-30F2C2A1A669}.Debug|x86.Deploy.0 = Debug|x86
		{E7400029-C220-4B65-88DB-30F2C2A1A669}.Release|Any CPU.ActiveCfg = Release|Any CPU
		{E7400029-C220-4B65-88DB-30F2C2A1A669}.Release|Any CPU.Build.0 = Release|Any CPU
		{E7400029-C220-4B65-88DB-30F2C2A1A669}.Release|Any CPU.Deploy.0 = Release|Any CPU
		{E7400029-C220-4B65-88DB-30F2C2A1A669}.Release|ARM.ActiveCfg = Release|ARM
		{E7400029-C220-4B65-88DB-30F2C2A1A669}.Release|ARM.Build.0 = Release|ARM
		{E7400029-C220-4B65-88DB-30F2C2A1A669}.Release|ARM.Deploy.0 = Release|ARM
		{E7400029-C220-4B65-88DB-30F2C2A1A669}.Release|iPhone.ActiveCfg = Release|Any CPU
		{E7400029-C220-4B65-88DB-30F2C2A1A669}.Release|iPhone.Build.0 = Release|Any CPU
		{E7400029-C220-4B65-88DB-30F2C2A1A669}.Release|iPhone.Deploy.0 = Release|Any CPU
		{E7400029-C220-4B65-88DB-30F2C2A1A669}.Release|iPhoneSimulator.ActiveCfg = Release|Any CPU
		{E7400029-C220-4B65-88DB-30F2C2A1A669}.Release|iPhoneSimulator.Build.0 = Release|Any CPU
		{E7400029-C220-4B65-88DB-30F2C2A1A669}.Release|iPhoneSimulator.Deploy.0 = Release|Any CPU
		{E7400029-C220-4B65-88DB-30F2C2A1A669}.Release|x64.ActiveCfg = Release|x64
		{E7400029-C220-4B65-88DB-30F2C2A1A669}.Release|x64.Build.0 = Release|x64
		{E7400029-C220-4B65-88DB-30F2C2A1A669}.Release|x64.Deploy.0 = Release|x64
		{E7400029-C220-4B65-88DB-30F2C2A1A669}.Release|x86.ActiveCfg = Release|x86
		{E7400029-C220-4B65-88DB-30F2C2A1A669}.Release|x86.Build.0 = Release|x86
		{E7400029-C220-4B65-88DB-30F2C2A1A669}.Release|x86.Deploy.0 = Release|x86
	EndGlobalSection
	GlobalSection(SolutionProperties) = preSolution
		HideSolutionNode = FALSE
	EndGlobalSection
EndGlobal
