
Microsoft Visual Studio Solution File, Format Version 12.00
# Visual Studio 15
VisualStudioVersion = 15.0.27428.2015
MinimumVisualStudioVersion = 10.0.40219.1
Project("{FAE04EC0-301F-11D3-BF4B-00C04F79EFBC}") = "Calculator", "Calculator\Calculator.csproj", "{34AF3C0B-0CFB-41E7-9B10-D75AEF8D9D09}"
EndProject
Global
	GlobalSection(SolutionConfigurationPlatforms) = preSolution
		Debug|Any CPU = Debug|Any CPU
		Release|Any CPU = Release|Any CPU
	EndGlobalSection
	GlobalSection(ProjectConfigurationPlatforms) = postSolution
		{34AF3C0B-0CFB-41E7-9B10-D75AEF8D9D09}.Debug|Any CPU.ActiveCfg = Debug|Any CPU
		{34AF3C0B-0CFB-41E7-9B10-D75AEF8D9D09}.Debug|Any CPU.Build.0 = Debug|Any CPU
		{34AF3C0B-0CFB-41E7-9B10-D75AEF8D9D09}.Release|Any CPU.ActiveCfg = Release|Any CPU
		{34AF3C0B-0CFB-41E7-9B10-D75AEF8D9D09}.Release|Any CPU.Build.0 = Release|Any CPU
	EndGlobalSection
	GlobalSection(SolutionProperties) = preSolution
		HideSolutionNode = FALSE
	EndGlobalSection
	GlobalSection(ExtensibilityGlobals) = postSolution
		SolutionGuid = {C9B1B638-78A1-48D3-B616-CDD7A4B1AED7}
	EndGlobalSection
EndGlobal
