
Microsoft Visual Studio Solution File, Format Version 12.00
# Visual Studio 15
VisualStudioVersion = 15.0.27428.2015
MinimumVisualStudioVersion = 10.0.40219.1
Project("{FAE04EC0-301F-11D3-BF4B-00C04F79EFBC}") = "minimum_three", "minimum_three\minimum_three.csproj", "{5169F364-177E-4F18-9C30-3BB854841593}"
EndProject
Global
	GlobalSection(SolutionConfigurationPlatforms) = preSolution
		Debug|Any CPU = Debug|Any CPU
		Release|Any CPU = Release|Any CPU
	EndGlobalSection
	GlobalSection(ProjectConfigurationPlatforms) = postSolution
		{5169F364-177E-4F18-9C30-3BB854841593}.Debug|Any CPU.ActiveCfg = Debug|Any CPU
		{5169F364-177E-4F18-9C30-3BB854841593}.Debug|Any CPU.Build.0 = Debug|Any CPU
		{5169F364-177E-4F18-9C30-3BB854841593}.Release|Any CPU.ActiveCfg = Release|Any CPU
		{5169F364-177E-4F18-9C30-3BB854841593}.Release|Any CPU.Build.0 = Release|Any CPU
	EndGlobalSection
	GlobalSection(SolutionProperties) = preSolution
		HideSolutionNode = FALSE
	EndGlobalSection
	GlobalSection(ExtensibilityGlobals) = postSolution
		SolutionGuid = {42E6EDFA-8192-4AA3-9FE9-9BF8BCA8AD54}
	EndGlobalSection
EndGlobal
