
Microsoft Visual Studio Solution File, Format Version 12.00
# Visual Studio 14
VisualStudioVersion = 14.0.25420.1
MinimumVisualStudioVersion = 10.0.40219.1
Project("{D954291E-2A0B-460D-934E-DC6B0785DB48}") = "phoneWord", "phoneWord\phoneWord\phoneWord.shproj", "{E0371479-6279-4AB6-9F16-DDFD4584E89E}"
EndProject
Project("{FAE04EC0-301F-11D3-BF4B-00C04F79EFBC}") = "phoneWord.Droid", "phoneWord\phoneWord.Droid\phoneWord.Droid.csproj", "{9912DD0F-74D1-4C49-A18A-87A54AF79135}"
EndProject
Project("{FAE04EC0-301F-11D3-BF4B-00C04F79EFBC}") = "phoneWord.iOS", "phoneWord\phoneWord.iOS\phoneWord.iOS.csproj", "{A185C4BD-1739-4C1C-84EC-4B9906143151}"
EndProject
Project("{FAE04EC0-301F-11D3-BF4B-00C04F79EFBC}") = "phoneWord.Windows", "phoneWord\phoneWord.Windows\phoneWord.Windows.csproj", "{8BDD70B8-90E1-451C-A87B-B1A746114293}"
EndProject
Global
	GlobalSection(SharedMSBuildProjectFiles) = preSolution
		phoneWord\phoneWord\phoneWord.projitems*{9912dd0f-74d1-4c49-a18a-87a54af79135}*SharedItemsImports = 4
		phoneWord\phoneWord\phoneWord.projitems*{a185c4bd-1739-4c1c-84ec-4b9906143151}*SharedItemsImports = 4
		phoneWord\phoneWord\phoneWord.projitems*{e0371479-6279-4ab6-9f16-ddfd4584e89e}*SharedItemsImports = 13
	EndGlobalSection
	GlobalSection(SolutionConfigurationPlatforms) = preSolution
		Ad-Hoc|Any CPU = Ad-Hoc|Any CPU
		Ad-Hoc|ARM = Ad-Hoc|ARM
		Ad-Hoc|iPhone = Ad-Hoc|iPhone
		Ad-Hoc|iPhoneSimulator = Ad-Hoc|iPhoneSimulator
		Ad-Hoc|x64 = Ad-Hoc|x64
		Ad-Hoc|x86 = Ad-Hoc|x86
		AppStore|Any CPU = AppStore|Any CPU
		AppStore|ARM = AppStore|ARM
		AppStore|iPhone = AppStore|iPhone
		AppStore|iPhoneSimulator = AppStore|iPhoneSimulator
		AppStore|x64 = AppStore|x64
		AppStore|x86 = AppStore|x86
		Debug|Any CPU = Debug|Any CPU
		Debug|ARM = Debug|ARM
		Debug|iPhone = Debug|iPhone
		Debug|iPhoneSimulator = Debug|iPhoneSimulator
		Debug|x64 = Debug|x64
		Debug|x86 = Debug|x86
		Release|Any CPU = Release|Any CPU
		Release|ARM = Release|ARM
		Release|iPhone = Release|iPhone
		Release|iPhoneSimulator = Release|iPhoneSimulator
		Release|x64 = Release|x64
		Release|x86 = Release|x86
	EndGlobalSection
	GlobalSection(ProjectConfigurationPlatforms) = postSolution
		{9912DD0F-74D1-4C49-A18A-87A54AF79135}.Ad-Hoc|Any CPU.ActiveCfg = Release|Any CPU
		{9912DD0F-74D1-4C49-A18A-87A54AF79135}.Ad-Hoc|Any CPU.Build.0 = Release|Any CPU
		{9912DD0F-74D1-4C49-A18A-87A54AF79135}.Ad-Hoc|Any CPU.Deploy.0 = Release|Any CPU
		{9912DD0F-74D1-4C49-A18A-87A54AF79135}.Ad-Hoc|ARM.ActiveCfg = Release|Any CPU
		{9912DD0F-74D1-4C49-A18A-87A54AF79135}.Ad-Hoc|ARM.Build.0 = Release|Any CPU
		{9912DD0F-74D1-4C49-A18A-87A54AF79135}.Ad-Hoc|ARM.Deploy.0 = Release|Any CPU
		{9912DD0F-74D1-4C49-A18A-87A54AF79135}.Ad-Hoc|iPhone.ActiveCfg = Release|Any CPU
		{9912DD0F-74D1-4C49-A18A-87A54AF79135}.Ad-Hoc|iPhone.Build.0 = Release|Any CPU
		{9912DD0F-74D1-4C49-A18A-87A54AF79135}.Ad-Hoc|iPhone.Deploy.0 = Release|Any CPU
		{9912DD0F-74D1-4C49-A18A-87A54AF79135}.Ad-Hoc|iPhoneSimulator.ActiveCfg = Release|Any CPU
		{9912DD0F-74D1-4C49-A18A-87A54AF79135}.Ad-Hoc|iPhoneSimulator.Build.0 = Release|Any CPU
		{9912DD0F-74D1-4C49-A18A-87A54AF79135}.Ad-Hoc|iPhoneSimulator.Deploy.0 = Release|Any CPU
		{9912DD0F-74D1-4C49-A18A-87A54AF79135}.Ad-Hoc|x64.ActiveCfg = Release|Any CPU
		{9912DD0F-74D1-4C49-A18A-87A54AF79135}.Ad-Hoc|x64.Build.0 = Release|Any CPU
		{9912DD0F-74D1-4C49-A18A-87A54AF79135}.Ad-Hoc|x64.Deploy.0 = Release|Any CPU
		{9912DD0F-74D1-4C49-A18A-87A54AF79135}.Ad-Hoc|x86.ActiveCfg = Release|Any CPU
		{9912DD0F-74D1-4C49-A18A-87A54AF79135}.Ad-Hoc|x86.Build.0 = Release|Any CPU
		{9912DD0F-74D1-4C49-A18A-87A54AF79135}.Ad-Hoc|x86.Deploy.0 = Release|Any CPU
		{9912DD0F-74D1-4C49-A18A-87A54AF79135}.AppStore|Any CPU.ActiveCfg = Release|Any CPU
		{9912DD0F-74D1-4C49-A18A-87A54AF79135}.AppStore|Any CPU.Build.0 = Release|Any CPU
		{9912DD0F-74D1-4C49-A18A-87A54AF79135}.AppStore|Any CPU.Deploy.0 = Release|Any CPU
		{9912DD0F-74D1-4C49-A18A-87A54AF79135}.AppStore|ARM.ActiveCfg = Release|Any CPU
		{9912DD0F-74D1-4C49-A18A-87A54AF79135}.AppStore|ARM.Build.0 = Release|Any CPU
		{9912DD0F-74D1-4C49-A18A-87A54AF79135}.AppStore|ARM.Deploy.0 = Release|Any CPU
		{9912DD0F-74D1-4C49-A18A-87A54AF79135}.AppStore|iPhone.ActiveCfg = Release|Any CPU
		{9912DD0F-74D1-4C49-A18A-87A54AF79135}.AppStore|iPhone.Build.0 = Release|Any CPU
		{9912DD0F-74D1-4C49-A18A-87A54AF79135}.AppStore|iPhone.Deploy.0 = Release|Any CPU
		{9912DD0F-74D1-4C49-A18A-87A54AF79135}.AppStore|iPhoneSimulator.ActiveCfg = Release|Any CPU
		{9912DD0F-74D1-4C49-A18A-87A54AF79135}.AppStore|iPhoneSimulator.Build.0 = Release|Any CPU
		{9912DD0F-74D1-4C49-A18A-87A54AF79135}.AppStore|iPhoneSimulator.Deploy.0 = Release|Any CPU
		{9912DD0F-74D1-4C49-A18A-87A54AF79135}.AppStore|x64.ActiveCfg = Release|Any CPU
		{9912DD0F-74D1-4C49-A18A-87A54AF79135}.AppStore|x64.Build.0 = Release|Any CPU
		{9912DD0F-74D1-4C49-A18A-87A54AF79135}.AppStore|x64.Deploy.0 = Release|Any CPU
		{9912DD0F-74D1-4C49-A18A-87A54AF79135}.AppStore|x86.ActiveCfg = Release|Any CPU
		{9912DD0F-74D1-4C49-A18A-87A54AF79135}.AppStore|x86.Build.0 = Release|Any CPU
		{9912DD0F-74D1-4C49-A18A-87A54AF79135}.AppStore|x86.Deploy.0 = Release|Any CPU
		{9912DD0F-74D1-4C49-A18A-87A54AF79135}.Debug|Any CPU.ActiveCfg = Debug|Any CPU
		{9912DD0F-74D1-4C49-A18A-87A54AF79135}.Debug|Any CPU.Build.0 = Debug|Any CPU
		{9912DD0F-74D1-4C49-A18A-87A54AF79135}.Debug|Any CPU.Deploy.0 = Debug|Any CPU
		{9912DD0F-74D1-4C49-A18A-87A54AF79135}.Debug|ARM.ActiveCfg = Debug|Any CPU
		{9912DD0F-74D1-4C49-A18A-87A54AF79135}.Debug|ARM.Build.0 = Debug|Any CPU
		{9912DD0F-74D1-4C49-A18A-87A54AF79135}.Debug|ARM.Deploy.0 = Debug|Any CPU
		{9912DD0F-74D1-4C49-A18A-87A54AF79135}.Debug|iPhone.ActiveCfg = Debug|Any CPU
		{9912DD0F-74D1-4C49-A18A-87A54AF79135}.Debug|iPhone.Build.0 = Debug|Any CPU
		{9912DD0F-74D1-4C49-A18A-87A54AF79135}.Debug|iPhone.Deploy.0 = Debug|Any CPU
		{9912DD0F-74D1-4C49-A18A-87A54AF79135}.Debug|iPhoneSimulator.ActiveCfg = Debug|Any CPU
		{9912DD0F-74D1-4C49-A18A-87A54AF79135}.Debug|iPhoneSimulator.Build.0 = Debug|Any CPU
		{9912DD0F-74D1-4C49-A18A-87A54AF79135}.Debug|iPhoneSimulator.Deploy.0 = Debug|Any CPU
		{9912DD0F-74D1-4C49-A18A-87A54AF79135}.Debug|x64.ActiveCfg = Debug|Any CPU
		{9912DD0F-74D1-4C49-A18A-87A54AF79135}.Debug|x64.Build.0 = Debug|Any CPU
		{9912DD0F-74D1-4C49-A18A-87A54AF79135}.Debug|x64.Deploy.0 = Debug|Any CPU
		{9912DD0F-74D1-4C49-A18A-87A54AF79135}.Debug|x86.ActiveCfg = Debug|Any CPU
		{9912DD0F-74D1-4C49-A18A-87A54AF79135}.Debug|x86.Build.0 = Debug|Any CPU
		{9912DD0F-74D1-4C49-A18A-87A54AF79135}.Debug|x86.Deploy.0 = Debug|Any CPU
		{9912DD0F-74D1-4C49-A18A-87A54AF79135}.Release|Any CPU.ActiveCfg = Release|Any CPU
		{9912DD0F-74D1-4C49-A18A-87A54AF79135}.Release|Any CPU.Build.0 = Release|Any CPU
		{9912DD0F-74D1-4C49-A18A-87A54AF79135}.Release|Any CPU.Deploy.0 = Release|Any CPU
		{9912DD0F-74D1-4C49-A18A-87A54AF79135}.Release|ARM.ActiveCfg = Release|Any CPU
		{9912DD0F-74D1-4C49-A18A-87A54AF79135}.Release|ARM.Build.0 = Release|Any CPU
		{9912DD0F-74D1-4C49-A18A-87A54AF79135}.Release|ARM.Deploy.0 = Release|Any CPU
		{9912DD0F-74D1-4C49-A18A-87A54AF79135}.Release|iPhone.ActiveCfg = Release|Any CPU
		{9912DD0F-74D1-4C49-A18A-87A54AF79135}.Release|iPhone.Build.0 = Release|Any CPU
		{9912DD0F-74D1-4C49-A18A-87A54AF79135}.Release|iPhone.Deploy.0 = Release|Any CPU
		{9912DD0F-74D1-4C49-A18A-87A54AF79135}.Release|iPhoneSimulator.ActiveCfg = Release|Any CPU
		{9912DD0F-74D1-4C49-A18A-87A54AF79135}.Release|iPhoneSimulator.Build.0 = Release|Any CPU
		{9912DD0F-74D1-4C49-A18A-87A54AF79135}.Release|iPhoneSimulator.Deploy.0 = Release|Any CPU
		{9912DD0F-74D1-4C49-A18A-87A54AF79135}.Release|x64.ActiveCfg = Release|Any CPU
		{9912DD0F-74D1-4C49-A18A-87A54AF79135}.Release|x64.Build.0 = Release|Any CPU
		{9912DD0F-74D1-4C49-A18A-87A54AF79135}.Release|x64.Deploy.0 = Release|Any CPU
		{9912DD0F-74D1-4C49-A18A-87A54AF79135}.Release|x86.ActiveCfg = Release|Any CPU
		{9912DD0F-74D1-4C49-A18A-87A54AF79135}.Release|x86.Build.0 = Release|Any CPU
		{9912DD0F-74D1-4C49-A18A-87A54AF79135}.Release|x86.Deploy.0 = Release|Any CPU
		{A185C4BD-1739-4C1C-84EC-4B9906143151}.Ad-Hoc|Any CPU.ActiveCfg = Ad-Hoc|iPhone
		{A185C4BD-1739-4C1C-84EC-4B9906143151}.Ad-Hoc|ARM.ActiveCfg = Ad-Hoc|iPhone
		{A185C4BD-1739-4C1C-84EC-4B9906143151}.Ad-Hoc|iPhone.ActiveCfg = Ad-Hoc|iPhone
		{A185C4BD-1739-4C1C-84EC-4B9906143151}.Ad-Hoc|iPhone.Build.0 = Ad-Hoc|iPhone
		{A185C4BD-1739-4C1C-84EC-4B9906143151}.Ad-Hoc|iPhoneSimulator.ActiveCfg = Ad-Hoc|iPhoneSimulator
		{A185C4BD-1739-4C1C-84EC-4B9906143151}.Ad-Hoc|iPhoneSimulator.Build.0 = Ad-Hoc|iPhoneSimulator
		{A185C4BD-1739-4C1C-84EC-4B9906143151}.Ad-Hoc|x64.ActiveCfg = Ad-Hoc|iPhone
		{A185C4BD-1739-4C1C-84EC-4B9906143151}.Ad-Hoc|x86.ActiveCfg = Ad-Hoc|iPhone
		{A185C4BD-1739-4C1C-84EC-4B9906143151}.AppStore|Any CPU.ActiveCfg = AppStore|iPhone
		{A185C4BD-1739-4C1C-84EC-4B9906143151}.AppStore|ARM.ActiveCfg = AppStore|iPhone
		{A185C4BD-1739-4C1C-84EC-4B9906143151}.AppStore|iPhone.ActiveCfg = AppStore|iPhone
		{A185C4BD-1739-4C1C-84EC-4B9906143151}.AppStore|iPhone.Build.0 = AppStore|iPhone
		{A185C4BD-1739-4C1C-84EC-4B9906143151}.AppStore|iPhoneSimulator.ActiveCfg = AppStore|iPhoneSimulator
		{A185C4BD-1739-4C1C-84EC-4B9906143151}.AppStore|iPhoneSimulator.Build.0 = AppStore|iPhoneSimulator
		{A185C4BD-1739-4C1C-84EC-4B9906143151}.AppStore|x64.ActiveCfg = AppStore|iPhone
		{A185C4BD-1739-4C1C-84EC-4B9906143151}.AppStore|x86.ActiveCfg = AppStore|iPhone
		{A185C4BD-1739-4C1C-84EC-4B9906143151}.Debug|Any CPU.ActiveCfg = Debug|iPhone
		{A185C4BD-1739-4C1C-84EC-4B9906143151}.Debug|ARM.ActiveCfg = Debug|iPhone
		{A185C4BD-1739-4C1C-84EC-4B9906143151}.Debug|iPhone.ActiveCfg = Debug|iPhone
		{A185C4BD-1739-4C1C-84EC-4B9906143151}.Debug|iPhone.Build.0 = Debug|iPhone
		{A185C4BD-1739-4C1C-84EC-4B9906143151}.Debug|iPhoneSimulator.ActiveCfg = Debug|iPhoneSimulator
		{A185C4BD-1739-4C1C-84EC-4B9906143151}.Debug|iPhoneSimulator.Build.0 = Debug|iPhoneSimulator
		{A185C4BD-1739-4C1C-84EC-4B9906143151}.Debug|x64.ActiveCfg = Debug|iPhone
		{A185C4BD-1739-4C1C-84EC-4B9906143151}.Debug|x86.ActiveCfg = Debug|iPhone
		{A185C4BD-1739-4C1C-84EC-4B9906143151}.Release|Any CPU.ActiveCfg = Release|iPhone
		{A185C4BD-1739-4C1C-84EC-4B9906143151}.Release|ARM.ActiveCfg = Release|iPhone
		{A185C4BD-1739-4C1C-84EC-4B9906143151}.Release|iPhone.ActiveCfg = Release|iPhone
		{A185C4BD-1739-4C1C-84EC-4B9906143151}.Release|iPhone.Build.0 = Release|iPhone
		{A185C4BD-1739-4C1C-84EC-4B9906143151}.Release|iPhoneSimulator.ActiveCfg = Release|iPhoneSimulator
		{A185C4BD-1739-4C1C-84EC-4B9906143151}.Release|iPhoneSimulator.Build.0 = Release|iPhoneSimulator
		{A185C4BD-1739-4C1C-84EC-4B9906143151}.Release|x64.ActiveCfg = Release|iPhone
		{A185C4BD-1739-4C1C-84EC-4B9906143151}.Release|x86.ActiveCfg = Release|iPhone
		{8BDD70B8-90E1-451C-A87B-B1A746114293}.Ad-Hoc|Any CPU.ActiveCfg = Release|Any CPU
		{8BDD70B8-90E1-451C-A87B-B1A746114293}.Ad-Hoc|Any CPU.Build.0 = Release|Any CPU
		{8BDD70B8-90E1-451C-A87B-B1A746114293}.Ad-Hoc|Any CPU.Deploy.0 = Release|Any CPU
		{8BDD70B8-90E1-451C-A87B-B1A746114293}.Ad-Hoc|ARM.ActiveCfg = Release|ARM
		{8BDD70B8-90E1-451C-A87B-B1A746114293}.Ad-Hoc|ARM.Build.0 = Release|ARM
		{8BDD70B8-90E1-451C-A87B-B1A746114293}.Ad-Hoc|ARM.Deploy.0 = Release|ARM
		{8BDD70B8-90E1-451C-A87B-B1A746114293}.Ad-Hoc|iPhone.ActiveCfg = Release|Any CPU
		{8BDD70B8-90E1-451C-A87B-B1A746114293}.Ad-Hoc|iPhone.Build.0 = Release|Any CPU
		{8BDD70B8-90E1-451C-A87B-B1A746114293}.Ad-Hoc|iPhone.Deploy.0 = Release|Any CPU
		{8BDD70B8-90E1-451C-A87B-B1A746114293}.Ad-Hoc|iPhoneSimulator.ActiveCfg = Release|Any CPU
		{8BDD70B8-90E1-451C-A87B-B1A746114293}.Ad-Hoc|iPhoneSimulator.Build.0 = Release|Any CPU
		{8BDD70B8-90E1-451C-A87B-B1A746114293}.Ad-Hoc|iPhoneSimulator.Deploy.0 = Release|Any CPU
		{8BDD70B8-90E1-451C-A87B-B1A746114293}.Ad-Hoc|x64.ActiveCfg = Release|x64
		{8BDD70B8-90E1-451C-A87B-B1A746114293}.Ad-Hoc|x64.Build.0 = Release|x64
		{8BDD70B8-90E1-451C-A87B-B1A746114293}.Ad-Hoc|x64.Deploy.0 = Release|x64
		{8BDD70B8-90E1-451C-A87B-B1A746114293}.Ad-Hoc|x86.ActiveCfg = Release|x86
		{8BDD70B8-90E1-451C-A87B-B1A746114293}.Ad-Hoc|x86.Build.0 = Release|x86
		{8BDD70B8-90E1-451C-A87B-B1A746114293}.Ad-Hoc|x86.Deploy.0 = Release|x86
		{8BDD70B8-90E1-451C-A87B-B1A746114293}.AppStore|Any CPU.ActiveCfg = Release|Any CPU
		{8BDD70B8-90E1-451C-A87B-B1A746114293}.AppStore|Any CPU.Build.0 = Release|Any CPU
		{8BDD70B8-90E1-451C-A87B-B1A746114293}.AppStore|Any CPU.Deploy.0 = Release|Any CPU
		{8BDD70B8-90E1-451C-A87B-B1A746114293}.AppStore|ARM.ActiveCfg = Release|ARM
		{8BDD70B8-90E1-451C-A87B-B1A746114293}.AppStore|ARM.Build.0 = Release|ARM
		{8BDD70B8-90E1-451C-A87B-B1A746114293}.AppStore|ARM.Deploy.0 = Release|ARM
		{8BDD70B8-90E1-451C-A87B-B1A746114293}.AppStore|iPhone.ActiveCfg = Release|Any CPU
		{8BDD70B8-90E1-451C-A87B-B1A746114293}.AppStore|iPhone.Build.0 = Release|Any CPU
		{8BDD70B8-90E1-451C-A87B-B1A746114293}.AppStore|iPhone.Deploy.0 = Release|Any CPU
		{8BDD70B8-90E1-451C-A87B-B1A746114293}.AppStore|iPhoneSimulator.ActiveCfg = Release|Any CPU
		{8BDD70B8-90E1-451C-A87B-B1A746114293}.AppStore|iPhoneSimulator.Build.0 = Release|Any CPU
		{8BDD70B8-90E1-451C-A87B-B1A746114293}.AppStore|iPhoneSimulator.Deploy.0 = Release|Any CPU
		{8BDD70B8-90E1-451C-A87B-B1A746114293}.AppStore|x64.ActiveCfg = Release|x64
		{8BDD70B8-90E1-451C-A87B-B1A746114293}.AppStore|x64.Build.0 = Release|x64
		{8BDD70B8-90E1-451C-A87B-B1A746114293}.AppStore|x64.Deploy.0 = Release|x64
		{8BDD70B8-90E1-451C-A87B-B1A746114293}.AppStore|x86.ActiveCfg = Release|x86
		{8BDD70B8-90E1-451C-A87B-B1A746114293}.AppStore|x86.Build.0 = Release|x86
		{8BDD70B8-90E1-451C-A87B-B1A746114293}.AppStore|x86.Deploy.0 = Release|x86
		{8BDD70B8-90E1-451C-A87B-B1A746114293}.Debug|Any CPU.ActiveCfg = Debug|Any CPU
		{8BDD70B8-90E1-451C-A87B-B1A746114293}.Debug|Any CPU.Build.0 = Debug|Any CPU
		{8BDD70B8-90E1-451C-A87B-B1A746114293}.Debug|Any CPU.Deploy.0 = Debug|Any CPU
		{8BDD70B8-90E1-451C-A87B-B1A746114293}.Debug|ARM.ActiveCfg = Debug|ARM
		{8BDD70B8-90E1-451C-A87B-B1A746114293}.Debug|ARM.Build.0 = Debug|ARM
		{8BDD70B8-90E1-451C-A87B-B1A746114293}.Debug|ARM.Deploy.0 = Debug|ARM
		{8BDD70B8-90E1-451C-A87B-B1A746114293}.Debug|iPhone.ActiveCfg = Debug|Any CPU
		{8BDD70B8-90E1-451C-A87B-B1A746114293}.Debug|iPhone.Build.0 = Debug|Any CPU
		{8BDD70B8-90E1-451C-A87B-B1A746114293}.Debug|iPhone.Deploy.0 = Debug|Any CPU
		{8BDD70B8-90E1-451C-A87B-B1A746114293}.Debug|iPhoneSimulator.ActiveCfg = Debug|Any CPU
		{8BDD70B8-90E1-451C-A87B-B1A746114293}.Debug|iPhoneSimulator.Build.0 = Debug|Any CPU
		{8BDD70B8-90E1-451C-A87B-B1A746114293}.Debug|iPhoneSimulator.Deploy.0 = Debug|Any CPU
		{8BDD70B8-90E1-451C-A87B-B1A746114293}.Debug|x64.ActiveCfg = Debug|x64
		{8BDD70B8-90E1-451C-A87B-B1A746114293}.Debug|x64.Build.0 = Debug|x64
		{8BDD70B8-90E1-451C-A87B-B1A746114293}.Debug|x64.Deploy.0 = Debug|x64
		{8BDD70B8-90E1-451C-A87B-B1A746114293}.Debug|x86.ActiveCfg = Debug|x86
		{8BDD70B8-90E1-451C-A87B-B1A746114293}.Debug|x86.Build.0 = Debug|x86
		{8BDD70B8-90E1-451C-A87B-B1A746114293}.Debug|x86.Deploy.0 = Debug|x86
		{8BDD70B8-90E1-451C-A87B-B1A746114293}.Release|Any CPU.ActiveCfg = Release|Any CPU
		{8BDD70B8-90E1-451C-A87B-B1A746114293}.Release|Any CPU.Build.0 = Release|Any CPU
		{8BDD70B8-90E1-451C-A87B-B1A746114293}.Release|Any CPU.Deploy.0 = Release|Any CPU
		{8BDD70B8-90E1-451C-A87B-B1A746114293}.Release|ARM.ActiveCfg = Release|ARM
		{8BDD70B8-90E1-451C-A87B-B1A746114293}.Release|ARM.Build.0 = Release|ARM
		{8BDD70B8-90E1-451C-A87B-B1A746114293}.Release|ARM.Deploy.0 = Release|ARM
		{8BDD70B8-90E1-451C-A87B-B1A746114293}.Release|iPhone.ActiveCfg = Release|Any CPU
		{8BDD70B8-90E1-451C-A87B-B1A746114293}.Release|iPhone.Build.0 = Release|Any CPU
		{8BDD70B8-90E1-451C-A87B-B1A746114293}.Release|iPhone.Deploy.0 = Release|Any CPU
		{8BDD70B8-90E1-451C-A87B-B1A746114293}.Release|iPhoneSimulator.ActiveCfg = Release|Any CPU
		{8BDD70B8-90E1-451C-A87B-B1A746114293}.Release|iPhoneSimulator.Build.0 = Release|Any CPU
		{8BDD70B8-90E1-451C-A87B-B1A746114293}.Release|iPhoneSimulator.Deploy.0 = Release|Any CPU
		{8BDD70B8-90E1-451C-A87B-B1A746114293}.Release|x64.ActiveCfg = Release|x64
		{8BDD70B8-90E1-451C-A87B-B1A746114293}.Release|x64.Build.0 = Release|x64
		{8BDD70B8-90E1-451C-A87B-B1A746114293}.Release|x64.Deploy.0 = Release|x64
		{8BDD70B8-90E1-451C-A87B-B1A746114293}.Release|x86.ActiveCfg = Release|x86
		{8BDD70B8-90E1-451C-A87B-B1A746114293}.Release|x86.Build.0 = Release|x86
		{8BDD70B8-90E1-451C-A87B-B1A746114293}.Release|x86.Deploy.0 = Release|x86
	EndGlobalSection
	GlobalSection(SolutionProperties) = preSolution
		HideSolutionNode = FALSE
	EndGlobalSection
EndGlobal
