
Microsoft Visual Studio Solution File, Format Version 12.00
# Visual Studio 15
VisualStudioVersion = 15.0.27428.2015
MinimumVisualStudioVersion = 10.0.40219.1
Project("{FAE04EC0-301F-11D3-BF4B-00C04F79EFBC}") = "Duplicates_in_list", "Duplicates_in_list\Duplicates_in_list.csproj", "{C9F97342-364D-4C8E-802D-A4525553A911}"
EndProject
Global
	GlobalSection(SolutionConfigurationPlatforms) = preSolution
		Debug|Any CPU = Debug|Any CPU
		Release|Any CPU = Release|Any CPU
	EndGlobalSection
	GlobalSection(ProjectConfigurationPlatforms) = postSolution
		{C9F97342-364D-4C8E-802D-A4525553A911}.Debug|Any CPU.ActiveCfg = Debug|Any CPU
		{C9F97342-364D-4C8E-802D-A4525553A911}.Debug|Any CPU.Build.0 = Debug|Any CPU
		{C9F97342-364D-4C8E-802D-A4525553A911}.Release|Any CPU.ActiveCfg = Release|Any CPU
		{C9F97342-364D-4C8E-802D-A4525553A911}.Release|Any CPU.Build.0 = Release|Any CPU
	EndGlobalSection
	GlobalSection(SolutionProperties) = preSolution
		HideSolutionNode = FALSE
	EndGlobalSection
	GlobalSection(ExtensibilityGlobals) = postSolution
		SolutionGuid = {7E753701-5711-4459-BAFE-D2116293FE2D}
	EndGlobalSection
EndGlobal
